
Microsoft Visual Studio Solution File, Format Version 12.00
# Visual Studio Version 16
VisualStudioVersion = 16.0.31729.503
MinimumVisualStudioVersion = 10.0.40219.1
Project("{9A19103F-16F7-4668-BE54-9A1E7A4F7556}") = "DataAccess", "Model\DataAccess.csproj", "{9DC4B9BF-3690-4A36-8415-1D7A8D35EA1C}"
EndProject
Project("{9A19103F-16F7-4668-BE54-9A1E7A4F7556}") = "Service", "Service\Service.csproj", "{EDE0C979-3B04-4CD3-9EFB-1131B5F80DB3}"
EndProject
Project("{9A19103F-16F7-4668-BE54-9A1E7A4F7556}") = "WebUI", "WebUI\WebUI.csproj", "{B8025D9C-DEB8-49EC-82A9-AB5E0D8502C2}"
EndProject
Project("{9A19103F-16F7-4668-BE54-9A1E7A4F7556}") = "Common", "Common\Common.csproj", "{A7DE9A01-F6CB-466D-B4A4-5B2A980A1D7F}"
EndProject
Global
	GlobalSection(SolutionConfigurationPlatforms) = preSolution
		Debug|Any CPU = Debug|Any CPU
		Release|Any CPU = Release|Any CPU
	EndGlobalSection
	GlobalSection(ProjectConfigurationPlatforms) = postSolution
		{9DC4B9BF-3690-4A36-8415-1D7A8D35EA1C}.Debug|Any CPU.ActiveCfg = Debug|Any CPU
		{9DC4B9BF-3690-4A36-8415-1D7A8D35EA1C}.Debug|Any CPU.Build.0 = Debug|Any CPU
		{9DC4B9BF-3690-4A36-8415-1D7A8D35EA1C}.Release|Any CPU.ActiveCfg = Release|Any CPU
		{9DC4B9BF-3690-4A36-8415-1D7A8D35EA1C}.Release|Any CPU.Build.0 = Release|Any CPU
		{EDE0C979-3B04-4CD3-9EFB-1131B5F80DB3}.Debug|Any CPU.ActiveCfg = Debug|Any CPU
		{EDE0C979-3B04-4CD3-9EFB-1131B5F80DB3}.Debug|Any CPU.Build.0 = Debug|Any CPU
		{EDE0C979-3B04-4CD3-9EFB-1131B5F80DB3}.Release|Any CPU.ActiveCfg = Release|Any CPU
		{EDE0C979-3B04-4CD3-9EFB-1131B5F80DB3}.Release|Any CPU.Build.0 = Release|Any CPU
		{B8025D9C-DEB8-49EC-82A9-AB5E0D8502C2}.Debug|Any CPU.ActiveCfg = Debug|Any CPU
		{B8025D9C-DEB8-49EC-82A9-AB5E0D8502C2}.Debug|Any CPU.Build.0 = Debug|Any CPU
		{B8025D9C-DEB8-49EC-82A9-AB5E0D8502C2}.Release|Any CPU.ActiveCfg = Release|Any CPU
		{B8025D9C-DEB8-49EC-82A9-AB5E0D8502C2}.Release|Any CPU.Build.0 = Release|Any CPU
		{A7DE9A01-F6CB-466D-B4A4-5B2A980A1D7F}.Debug|Any CPU.ActiveCfg = Debug|Any CPU
		{A7DE9A01-F6CB-466D-B4A4-5B2A980A1D7F}.Debug|Any CPU.Build.0 = Debug|Any CPU
		{A7DE9A01-F6CB-466D-B4A4-5B2A980A1D7F}.Release|Any CPU.ActiveCfg = Release|Any CPU
		{A7DE9A01-F6CB-466D-B4A4-5B2A980A1D7F}.Release|Any CPU.Build.0 = Release|Any CPU
	EndGlobalSection
	GlobalSection(SolutionProperties) = preSolution
		HideSolutionNode = FALSE
	EndGlobalSection
	GlobalSection(ExtensibilityGlobals) = postSolution
		SolutionGuid = {52CE3503-1007-45D4-ADA7-40C61F6AFC61}
	EndGlobalSection
EndGlobal
